version = 1
revision = 3
requires-python = ">=3.11"

[[package]]
name = "anyio"
version = "4.13.0"
source = { registry = "https://pypi.org/simple" }
dependencies = [
    { name = "idna" },
    { name = "typing-extensions", marker = "python_full_version < '3.13'" },
]
sdist = { url = "https://files.pythonhosted.org/packages/19/14/2c5dd9f512b66549ae92767a9c7b330ae88e1932ca57876909410251fe13/anyio-4.13.0.tar.gz", hash = "sha256:334b70e641fd2221c1505b3890c69882fe4a2df910cba14d97019b90b24439dc", size = 231622, upload-time = "2026-03-24T12:59:09.671Z" }
wheels = [
    { url = "https://files.pythonhosted.org/packages/da/42/e921fccf5015463e32a3cf6ee7f980a6ed0f395ceeaa45060b61d86486c2/anyio-4.13.0-py3-none-any.whl", hash = "sha256:08b310f9e24a9594186fd75b4f73f4a4152069e3853f1ed8bfbf58369f4ad708", size = 114353, upload-time = "2026-03-24T12:59:08.246Z" },
]

[[package]]
name = "certifi"
version = "2026.2.25"
source = { registry = "https://pypi.org/simple" }
sdist = { url = "https://files.pythonhosted.org/packages/af/2d/7bf41579a8986e348fa033a31cdd0e4121114f6bce2457e8876010b092dd/certifi-2026.2.25.tar.gz", hash = "sha256:e887ab5cee78ea814d3472169153c2d12cd43b14bd03329a39a9c6e2e80bfba7", size = 155029, upload-time = "2026-02-25T02:54:17.342Z" }
wheels = [
    { url = "https://files.pythonhosted.org/packages/9a/3c/c17fb3ca2d9c3acff52e30b309f538586f9f5b9c9cf454f3845fc9af4881/certifi-2026.2.25-py3-none-any.whl", hash = "sha256:027692e4402ad994f1c42e52a4997a9763c646b73e4096e4d5d6db8af1d6f0fa", size = 153684, upload-time = "2026-02-25T02:54:15.766Z" },
]

[[package]]
name = "click"
version = "8.3.2"
source = { registry = "https://pypi.org/simple" }
dependencies = [
    { name = "colorama", marker = "sys_platform == 'win32'" },
]
sdist = { url = "https://files.pythonhosted.org/packages/57/75/31212c6bf2503fdf920d87fee5d7a86a2e3bcf444984126f13d8e4016804/click-8.3.2.tar.gz", hash = "sha256:14162b8b3b3550a7d479eafa77dfd3c38d9dc8951f6f69c78913a8f9a7540fd5", size = 302856, upload-time = "2026-04-03T19:14:45.118Z" }
wheels = [
    { url = "https://files.pythonhosted.org/packages/e4/20/71885d8b97d4f3dde17b1fdb92dbd4908b00541c5a3379787137285f602e/click-8.3.2-py3-none-any.whl", hash = "sha256:1924d2c27c5653561cd2cae4548d1406039cb79b858b747cfea24924bbc1616d", size = 108379, upload-time = "2026-04-03T19:14:43.505Z" },
]

[[package]]
name = "colorama"
version = "0.4.6"
source = { registry = "https://pypi.org/simple" }
sdist = { url = "https://files.pythonhosted.org/packages/d8/53/6f443c9a4a8358a93a6792e2acffb9d9d5cb0a5cfd8802644b7b1c9a02e4/colorama-0.4.6.tar.gz", hash = "sha256:08695f5cb7ed6e0531a20572697297273c47b8cae5a63ffc6d6ed5c201be6e44", size = 27697, upload-time = "2022-10-25T02:36:22.414Z" }
wheels = [
    { url = "https://files.pythonhosted.org/packages/d1/d6/3965ed04c63042e047cb6a3e6ed1a63a35087b6a609aa3a15ed8ac56c221/colorama-0.4.6-py2.py3-none-any.whl", hash = "sha256:4f1d9991f5acc0ca119f9d443620b77f9d6b33703e51011c16baf57afb285fc6", size = 25335, upload-time = "2022-10-25T02:36:20.889Z" },
]

[[package]]
name = "h11"
version = "0.16.0"
source = { registry = "https://pypi.org/simple" }
sdist = { url = "https://files.pythonhosted.org/packages/01/ee/02a2c011bdab74c6fb3c75474d40b3052059d95df7e73351460c8588d963/h11-0.16.0.tar.gz", hash = "sha256:4e35b956cf45792e4caa5885e69fba00bdbc6ffafbfa020300e549b208ee5ff1", size = 101250, upload-time = "2025-04-24T03:35:25.427Z" }
wheels = [
    { url = "https://files.pythonhosted.org/packages/04/4b/29cac41a4d98d144bf5f6d33995617b185d14b22401f75ca86f384e87ff1/h11-0.16.0-py3-none-any.whl", hash = "sha256:63cf8bbe7522de3bf65932fda1d9c2772064ffb3dae62d55932da54b31cb6c86", size = 37515, upload-time = "2025-04-24T03:35:24.344Z" },
]

[[package]]
name = "httpcore"
version = "1.0.9"
source = { registry = "https://pypi.org/simple" }
dependencies = [
    { name = "certifi" },
    { name = "h11" },
]
sdist = { url = "https://files.pythonhosted.org/packages/06/94/82699a10bca87a5556c9c59b5963f2d039dbd239f25bc2a63907a05a14cb/httpcore-1.0.9.tar.gz", hash = "sha256:6e34463af53fd2ab5d807f399a9b45ea31c3dfa2276f15a2c3f00afff6e176e8", size = 85484, upload-time = "2025-04-24T22:06:22.219Z" }
wheels = [
    { url = "https://files.pythonhosted.org/packages/7e/f5/f66802a942d491edb555dd61e3a9961140fd64c90bce1eafd741609d334d/httpcore-1.0.9-py3-none-any.whl", hash = "sha256:2d400746a40668fc9dec9810239072b40b4484b640a8c38fd654a024c7a1bf55", size = 78784, upload-time = "2025-04-24T22:06:20.566Z" },
]

[[package]]
name = "httpx"
version = "0.28.1"
source = { registry = "https://pypi.org/simple" }
dependencies = [
    { name = "anyio" },
    { name = "certifi" },
    { name = "httpcore" },
    { name = "idna" },
]
sdist = { url = "https://files.pythonhosted.org/packages/b1/df/48c586a5fe32a0f01324ee087459e112ebb7224f646c0b5023f5e79e9956/httpx-0.28.1.tar.gz", hash = "sha256:75e98c5f16b0f35b567856f597f06ff2270a374470a5c2392242528e3e3e42fc", size = 141406, upload-time = "2024-12-06T15:37:23.222Z" }
wheels = [
    { url = "https://files.pythonhosted.org/packages/2a/39/e50c7c3a983047577ee07d2a9e53faf5a69493943ec3f6a384bdc792deb2/httpx-0.28.1-py3-none-any.whl", hash = "sha256:d909fcccc110f8c7faf814ca82a9a4d816bc5a6dbfea25d6591d6985b8ba59ad", size = 73517, upload-time = "2024-12-06T15:37:21.509Z" },
]

[[package]]
name = "idna"
version = "3.11"
source = { registry = "https://pypi.org/simple" }
sdist = { url = "https://files.pythonhosted.org/packages/6f/6d/0703ccc57f3a7233505399edb88de3cbd678da106337b9fcde432b65ed60/idna-3.11.tar.gz", hash = "sha256:795dafcc9c04ed0c1fb032c2aa73654d8e8c5023a7df64a53f39190ada629902", size = 194582, upload-time = "2025-10-12T14:55:20.501Z" }
wheels = [
    { url = "https://files.pythonhosted.org/packages/0e/61/66938bbb5fc52dbdf84594873d5b51fb1f7c7794e9c0f5bd885f30bc507b/idna-3.11-py3-none-any.whl", hash = "sha256:771a87f49d9defaf64091e6e6fe9c18d4833f140bd19464795bc32d966ca37ea", size = 71008, upload-time = "2025-10-12T14:55:18.883Z" },
]

[[package]]
name = "kitchen-sink"
version = "0.1.0"
source = { virtual = "." }
dependencies = [
    { name = "sprocket" },
]

[package.metadata]
requires-dist = [{ name = "sprocket", specifier = "==0.1.4", index = "https://pypi.together.ai/" }]

[[package]]
name = "orjson"
version = "3.11.8"
source = { registry = "https://pypi.org/simple" }
sdist = { url = "https://files.pythonhosted.org/packages/9d/1b/2024d06792d0779f9dbc51531b61c24f76c75b9f4ce05e6f3377a1814cea/orjson-3.11.8.tar.gz", hash = "sha256:96163d9cdc5a202703e9ad1b9ae757d5f0ca62f4fa0cc93d1f27b0e180cc404e", size = 5603832, upload-time = "2026-03-31T16:16:27.878Z" }
wheels = [
    { url = "https://files.pythonhosted.org/packages/67/41/5aa7fa3b0f4dc6b47dcafc3cea909299c37e40e9972feabc8b6a74e2730d/orjson-3.11.8-cp311-cp311-macosx_10_15_x86_64.macosx_11_0_arm64.macosx_10_15_universal2.whl", hash = "sha256:003646067cc48b7fcab2ae0c562491c9b5d2cbd43f1e5f16d98fd118c5522d34", size = 229229, upload-time = "2026-03-31T16:14:50.424Z" },
    { url = "https://files.pythonhosted.org/packages/0a/d7/57e7f2458e0a2c41694f39fc830030a13053a84f837a5b73423dca1f0938/orjson-3.11.8-cp311-cp311-macosx_15_0_arm64.whl", hash = "sha256:ed193ce51d77a3830cad399a529cd4ef029968761f43ddc549e1bc62b40d88f8", size = 128871, upload-time = "2026-03-31T16:14:51.888Z" },
    { url = "https://files.pythonhosted.org/packages/53/4a/e0fdb9430983e6c46e0299559275025075568aad5d21dd606faee3703924/orjson-3.11.8-cp311-cp311-manylinux_2_17_aarch64.manylinux2014_aarch64.whl", hash = "sha256:f30491bc4f862aa15744b9738517454f1e46e56c972a2be87d70d727d5b2a8f8", size = 132104, upload-time = "2026-03-31T16:14:53.142Z" },
    { url = "https://files.pythonhosted.org/packages/08/4a/2025a60ff3f5c8522060cda46612d9b1efa653de66ed2908591d8d82f22d/orjson-3.11.8-cp311-cp311-manylinux_2_17_armv7l.manylinux2014_armv7l.whl", hash = "sha256:6eda5b8b6be91d3f26efb7dc6e5e68ee805bc5617f65a328587b35255f138bf4", size = 130483, upload-time = "2026-03-31T16:14:54.605Z" },
    { url = "https://files.pythonhosted.org/packages/2d/3c/b9cde05bdc7b2385c66014e0620627da638d3d04e4954416ab48c31196c5/orjson-3.11.8-cp311-cp311-manylinux_2_17_i686.manylinux2014_i686.whl", hash = "sha256:ee8db7bfb6fe03581bbab54d7c4124a6dd6a7f4273a38f7267197890f094675f", size = 135481, upload-time = "2026-03-31T16:14:55.901Z" },
    { url = "https://files.pythonhosted.org/packages/ff/f2/a8238e7734de7cb589fed319857a8025d509c89dc52fdcc88f39c6d03d5a/orjson-3.11.8-cp311-cp311-manylinux_2_17_ppc64le.manylinux2014_ppc64le.whl", hash = "sha256:5d8b5231de76c528a46b57010bbd83fb51e056aa0220a372fd5065e978406f1c", size = 146819, upload-time = "2026-03-31T16:14:57.548Z" },
    { url = "https://files.pythonhosted.org/packages/db/10/dbf1e2a3cafea673b1b4350e371877b759060d6018a998643b7040e5de48/orjson-3.11.8-cp311-cp311-manylinux_2_17_s390x.manylinux2014_s390x.whl", hash = "sha256:58a4a208a6fbfdb7a7327b8f201c6014f189f721fd55d047cafc4157af1bc62a", size = 132846, upload-time = "2026-03-31T16:14:58.91Z" },
    { url = "https://files.pythonhosted.org/packages/f8/fc/55e667ec9c85694038fcff00573d221b085d50777368ee3d77f38668bf3c/orjson-3.11.8-cp311-cp311-manylinux_2_17_x86_64.manylinux2014_x86_64.whl", hash = "sha256:5f8952d6d2505c003e8f0224ff7858d341fa4e33fef82b91c4ff0ef070f2393c", size = 133580, upload-time = "2026-03-31T16:15:00.519Z" },
    { url = "https://files.pythonhosted.org/packages/7e/a6/c08c589a9aad0cb46c4831d17de212a2b6901f9d976814321ff8e69e8785/orjson-3.11.8-cp311-cp311-musllinux_1_2_aarch64.whl", hash = "sha256:0022bb50f90da04b009ce32c512dc1885910daa7cb10b7b0cba4505b16db82a8", size = 142042, upload-time = "2026-03-31T16:15:01.906Z" },
    { url = "https://files.pythonhosted.org/packages/5c/cc/2f78ea241d52b717d2efc38878615fe80425bf2beb6e68c984dde257a766/orjson-3.11.8-cp311-cp311-musllinux_1_2_armv7l.whl", hash = "sha256:ff51f9d657d1afb6f410cb435792ce4e1fe427aab23d2fcd727a2876e21d4cb6", size = 423845, upload-time = "2026-03-31T16:15:03.703Z" },
    { url = "https://files.pythonhosted.org/packages/70/07/c17dcf05dd8045457538428a983bf1f1127928df5bf328cb24d2b7cddacb/orjson-3.11.8-cp311-cp311-musllinux_1_2_i686.whl", hash = "sha256:6dbe9a97bdb4d8d9d5367b52a7c32549bba70b2739c58ef74a6964a6d05ae054", size = 147729, upload-time = "2026-03-31T16:15:05.203Z" },
    { url = "https://files.pythonhosted.org/packages/90/6c/0fb6e8a24e682e0958d71711ae6f39110e4b9cd8cab1357e2a89cb8e1951/orjson-3.11.8-cp311-cp311-musllinux_1_2_x86_64.whl", hash = "sha256:a5c370674ebabe16c6ccac33ff80c62bf8a6e59439f5e9d40c1f5ab8fd2215b7", size = 136425, upload-time = "2026-03-31T16:15:07.052Z" },
    { url = "https://files.pythonhosted.org/packages/b2/35/4d3cc3a3d616035beb51b24a09bb872942dc452cf2df0c1d11ab35046d9f/orjson-3.11.8-cp311-cp311-win32.whl", hash = "sha256:0e32f7154299f42ae66f13488963269e5eccb8d588a65bc839ed986919fc9fac", size = 131870, upload-time = "2026-03-31T16:15:08.678Z" },
    { url = "https://files.pythonhosted.org/packages/13/26/9fe70f81d16b702f8c3a775e8731b50ad91d22dacd14c7599b60a0941cd1/orjson-3.11.8-cp311-cp311-win_amd64.whl", hash = "sha256:25e0c672a2e32348d2eb33057b41e754091f2835f87222e4675b796b92264f06", size = 127440, upload-time = "2026-03-31T16:15:09.994Z" },
    { url = "https://files.pythonhosted.org/packages/e8/c6/b038339f4145efd2859c1ca53097a52c0bb9cbdd24f947ebe146da1ad067/orjson-3.11.8-cp311-cp311-win_arm64.whl", hash = "sha256:9185589c1f2a944c17e26c9925dcdbc2df061cc4a145395c57f0c51f9b5dbfcd", size = 127399, upload-time = "2026-03-31T16:15:11.412Z" },
    { url = "https://files.pythonhosted.org/packages/01/f6/8d58b32ab32d9215973a1688aebd098252ee8af1766c0e4e36e7831f0295/orjson-3.11.8-cp312-cp312-macosx_10_15_x86_64.macosx_11_0_arm64.macosx_10_15_universal2.whl", hash = "sha256:1cd0b77e77c95758f8e1100139844e99f3ccc87e71e6fc8e1c027e55807c549f", size = 229233, upload-time = "2026-03-31T16:15:12.762Z" },
    { url = "https://files.pythonhosted.org/packages/a9/8b/2ffe35e71f6b92622e8ea4607bf33ecf7dfb51b3619dcfabfd36cbe2d0a5/orjson-3.11.8-cp312-cp312-macosx_15_0_arm64.whl", hash = "sha256:6a3d159d5ffa0e3961f353c4b036540996bf8b9697ccc38261c0eac1fd3347a6", size = 128772, upload-time = "2026-03-31T16:15:14.237Z" },
    { url = "https://files.pythonhosted.org/packages/27/d2/1f8682ae50d5c6897a563cb96bc106da8c9cb5b7b6e81a52e4cc086679b9/orjson-3.11.8-cp312-cp312-manylinux_2_17_aarch64.manylinux2014_aarch64.whl", hash = "sha256:76070a76e9c5ae661e2d9848f216980d8d533e0f8143e6ed462807b242e3c5e8", size = 131946, upload-time = "2026-03-31T16:15:15.607Z" },
    { url = "https://files.pythonhosted.org/packages/52/4b/5500f76f0eece84226e0689cb48dcde081104c2fa6e2483d17ca13685ffb/orjson-3.11.8-cp312-cp312-manylinux_2_17_armv7l.manylinux2014_armv7l.whl", hash = "sha256:54153d21520a71a4c82a0dbb4523e468941d549d221dc173de0f019678cf3813", size = 130368, upload-time = "2026-03-31T16:15:17.066Z" },
    { url = "https://files.pythonhosted.org/packages/da/4e/58b927e08fbe9840e6c920d9e299b051ea667463b1f39a56e668669f8508/orjson-3.11.8-cp312-cp312-manylinux_2_17_i686.manylinux2014_i686.whl", hash = "sha256:469ac2125611b7c5741a0b3798cd9e5786cbad6345f9f400c77212be89563bec", size = 135540, upload-time = "2026-03-31T16:15:18.404Z" },
    { url = "https://files.pythonhosted.org/packages/56/7c/ba7cb871cba1bcd5cd02ee34f98d894c6cea96353ad87466e5aef2429c60/orjson-3.11.8-cp312-cp312-manylinux_2_17_ppc64le.manylinux2014_ppc64le.whl", hash = "sha256:14778ffd0f6896aa613951a7fbf4690229aa7a543cb2bfbe9f358e08aafa9546", size = 146877, upload-time = "2026-03-31T16:15:19.833Z" },
    { url = "https://files.pythonhosted.org/packages/0b/5d/eb9c25fc1386696c6a342cd361c306452c75e0b55e86ad602dd4827a7fd7/orjson-3.11.8-cp312-cp312-manylinux_2_17_s390x.manylinux2014_s390x.whl", hash = "sha256:ea56a955056a6d6c550cf18b3348656a9d9a4f02e2d0c02cabf3c73f1055d506", size = 132837, upload-time = "2026-03-31T16:15:21.282Z" },
    { url = "https://files.pythonhosted.org/packages/37/87/5ddeb7fc1fbd9004aeccab08426f34c81a5b4c25c7061281862b015fce2b/orjson-3.11.8-cp312-cp312-manylinux_2_17_x86_64.manylinux2014_x86_64.whl", hash = "sha256:53a0f57e59a530d18a142f4d4ba6dfc708dc5fdedce45e98ff06b44930a2a48f", size = 133624, upload-time = "2026-03-31T16:15:22.641Z" },
    { url = "https://files.pythonhosted.org/packages/22/09/90048793db94ee4b2fcec4ac8e5ddb077367637d6650be896b3494b79bb7/orjson-3.11.8-cp312-cp312-musllinux_1_2_aarch64.whl", hash = "sha256:9b48e274f8824567d74e2158199e269597edf00823a1b12b63d48462bbf5123e", size = 141904, upload-time = "2026-03-31T16:15:24.435Z" },
    { url = "https://files.pythonhosted.org/packages/c0/cf/eb284847487821a5d415e54149a6449ba9bfc5872ce63ab7be41b8ec401c/orjson-3.11.8-cp312-cp312-musllinux_1_2_armv7l.whl", hash = "sha256:3f262401086a3960586af06c054609365e98407151f5ea24a62893a40d80dbbb", size = 423742, upload-time = "2026-03-31T16:15:26.155Z" },
    { url = "https://files.pythonhosted.org/packages/44/09/e12423d327071c851c13e76936f144a96adacfc037394dec35ac3fc8d1e8/orjson-3.11.8-cp312-cp312-musllinux_1_2_i686.whl", hash = "sha256:8e8c6218b614badf8e229b697865df4301afa74b791b6c9ade01d19a9953a942", size = 147806, upload-time = "2026-03-31T16:15:27.909Z" },
    { url = "https://files.pythonhosted.org/packages/b3/6d/37c2589ba864e582ffe7611643314785c6afb1f83c701654ef05daa8fcc7/orjson-3.11.8-cp312-cp312-musllinux_1_2_x86_64.whl", hash = "sha256:093d489fa039ddade2db541097dbb484999fcc65fc2b0ff9819141e2ab364f25", size = 136485, upload-time = "2026-03-31T16:15:29.749Z" },
    { url = "https://files.pythonhosted.org/packages/be/c9/135194a02ab76b04ed9a10f68624b7ebd238bbe55548878b11ff15a0f352/orjson-3.11.8-cp312-cp312-win32.whl", hash = "sha256:e0950ed1bcb9893f4293fd5c5a7ee10934fbf82c4101c70be360db23ce24b7d2", size = 131966, upload-time = "2026-03-31T16:15:31.687Z" },
    { url = "https://files.pythonhosted.org/packages/ed/9a/9796f8fbe3cf30ce9cb696748dbb535e5c87be4bf4fe2e9ca498ef1fa8cf/orjson-3.11.8-cp312-cp312-win_amd64.whl", hash = "sha256:3cf17c141617b88ced4536b2135c552490f07799f6ad565948ea07bef0dcb9a6", size = 127441, upload-time = "2026-03-31T16:15:33.333Z" },
    { url = "https://files.pythonhosted.org/packages/cc/47/5aaf54524a7a4a0dd09dd778f3fa65dd2108290615b652e23d944152bc8e/orjson-3.11.8-cp312-cp312-win_arm64.whl", hash = "sha256:48854463b0572cc87dac7d981aa72ed8bf6deedc0511853dc76b8bbd5482d36d", size = 127364, upload-time = "2026-03-31T16:15:34.748Z" },
    { url = "https://files.pythonhosted.org/packages/66/7f/95fba509bb2305fab0073558f1e8c3a2ec4b2afe58ed9fcb7d3b8beafe94/orjson-3.11.8-cp313-cp313-macosx_10_15_x86_64.macosx_11_0_arm64.macosx_10_15_universal2.whl", hash = "sha256:3f23426851d98478c8970da5991f84784a76682213cd50eb73a1da56b95239dc", size = 229180, upload-time = "2026-03-31T16:15:36.426Z" },
    { url = "https://files.pythonhosted.org/packages/f6/9d/b237215c743ca073697d759b5503abd2cb8a0d7b9c9e21f524bcf176ab66/orjson-3.11.8-cp313-cp313-macosx_15_0_arm64.whl", hash = "sha256:ebaed4cef74a045b83e23537b52ef19a367c7e3f536751e355a2a394f8648559", size = 128754, upload-time = "2026-03-31T16:15:38.049Z" },
    { url = "https://files.pythonhosted.org/packages/42/3d/27d65b6d11e63f133781425f132807aef793ed25075fec686fc8e46dd528/orjson-3.11.8-cp313-cp313-manylinux_2_17_aarch64.manylinux2014_aarch64.whl", hash = "sha256:97c8f5d3b62380b70c36ffacb2a356b7c6becec86099b177f73851ba095ef623", size = 131877, upload-time = "2026-03-31T16:15:39.484Z" },
    { url = "https://files.pythonhosted.org/packages/dd/cc/faee30cd8f00421999e40ef0eba7332e3a625ce91a58200a2f52c7fef235/orjson-3.11.8-cp313-cp313-manylinux_2_17_armv7l.manylinux2014_armv7l.whl", hash = "sha256:436c4922968a619fb7fef1ccd4b8b3a76c13b67d607073914d675026e911a65c", size = 130361, upload-time = "2026-03-31T16:15:41.274Z" },
    { url = "https://files.pythonhosted.org/packages/5c/bb/a6c55896197f97b6d4b4e7c7fd77e7235517c34f5d6ad5aadd43c54c6d7c/orjson-3.11.8-cp313-cp313-manylinux_2_17_i686.manylinux2014_i686.whl", hash = "sha256:1ab359aff0436d80bfe8a23b46b5fea69f1e18aaf1760a709b4787f1318b317f", size = 135521, upload-time = "2026-03-31T16:15:42.758Z" },
    { url = "https://files.pythonhosted.org/packages/9c/7c/ca3a3525aa32ff636ebb1778e77e3587b016ab2edb1b618b36ba96f8f2c0/orjson-3.11.8-cp313-cp313-manylinux_2_17_ppc64le.manylinux2014_ppc64le.whl", hash = "sha256:f89b6d0b3a8d81e1929d3ab3d92bbc225688bd80a770c49432543928fe09ac55", size = 146862, upload-time = "2026-03-31T16:15:44.341Z" },
    { url = "https://files.pythonhosted.org/packages/3c/0c/18a9d7f18b5edd37344d1fd5be17e94dc652c67826ab749c6e5948a78112/orjson-3.11.8-cp313-cp313-manylinux_2_17_s390x.manylinux2014_s390x.whl", hash = "sha256:29c009e7a2ca9ad0ed1376ce20dd692146a5d9fe4310848904b6b4fee5c5c137", size = 132847, upload-time = "2026-03-31T16:15:46.368Z" },
    { url = "https://files.pythonhosted.org/packages/23/91/7e722f352ad67ca573cee44de2a58fb810d0f4eb4e33276c6a557979fd8a/orjson-3.11.8-cp313-cp313-manylinux_2_17_x86_64.manylinux2014_x86_64.whl", hash = "sha256:705b895b781b3e395c067129d8551655642dfe9437273211d5404e87ac752b53", size = 133637, upload-time = "2026-03-31T16:15:48.123Z" },
    { url = "https://files.pythonhosted.org/packages/af/04/32845ce13ac5bd1046ddb02ac9432ba856cc35f6d74dde95864fe0ad5523/orjson-3.11.8-cp313-cp313-musllinux_1_2_aarch64.whl", hash = "sha256:88006eda83858a9fdf73985ce3804e885c2befb2f506c9a3723cdeb5a2880e3e", size = 141906, upload-time = "2026-03-31T16:15:49.626Z" },
    { url = "https://files.pythonhosted.org/packages/02/5e/c551387ddf2d7106d9039369862245c85738b828844d13b99ccb8d61fd06/orjson-3.11.8-cp313-cp313-musllinux_1_2_armv7l.whl", hash = "sha256:55120759e61309af7fcf9e961c6f6af3dde5921cdb3ee863ef63fd9db126cae6", size = 423722, upload-time = "2026-03-31T16:15:51.176Z" },
    { url = "https://files.pythonhosted.org/packages/00/a3/ecfe62434096f8a794d4976728cb59bcfc4a643977f21c2040545d37eb4c/orjson-3.11.8-cp313-cp313-musllinux_1_2_i686.whl", hash = "sha256:98bdc6cb889d19bed01de46e67574a2eab61f5cc6b768ed50e8ac68e9d6ffab6", size = 147801, upload-time = "2026-03-31T16:15:52.939Z" },
    { url = "https://files.pythonhosted.org/packages/18/6d/0dce10b9f6643fdc59d99333871a38fa5a769d8e2fc34a18e5d2bfdee900/orjson-3.11.8-cp313-cp313-musllinux_1_2_x86_64.whl", hash = "sha256:708c95f925a43ab9f34625e45dcdadf09ec8a6e7b664a938f2f8d5650f6c090b", size = 136460, upload-time = "2026-03-31T16:15:54.431Z" },
    { url = "https://files.pythonhosted.org/packages/01/d6/6dde4f31842d87099238f1f07b459d24edc1a774d20687187443ab044191/orjson-3.11.8-cp313-cp313-win32.whl", hash = "sha256:01c4e5a6695dc09098f2e6468a251bc4671c50922d4d745aff1a0a33a0cf5b8d", size = 131956, upload-time = "2026-03-31T16:15:56.081Z" },
    { url = "https://files.pythonhosted.org/packages/c1/f9/4e494a56e013db957fb77186b818b916d4695b8fa2aa612364974160e91b/orjson-3.11.8-cp313-cp313-win_amd64.whl", hash = "sha256:c154a35dd1330707450bb4d4e7dd1f17fa6f42267a40c1e8a1daa5e13719b4b8", size = 127410, upload-time = "2026-03-31T16:15:57.54Z" },
    { url = "https://files.pythonhosted.org/packages/57/7f/803203d00d6edb6e9e7eef421d4e1adbb5ea973e40b3533f3cfd9aeb374e/orjson-3.11.8-cp313-cp313-win_arm64.whl", hash = "sha256:4861bde57f4d253ab041e374f44023460e60e71efaa121f3c5f0ed457c3a701e", size = 127338, upload-time = "2026-03-31T16:15:59.106Z" },
    { url = "https://files.pythonhosted.org/packages/6d/35/b01910c3d6b85dc882442afe5060cbf719c7d1fc85749294beda23d17873/orjson-3.11.8-cp314-cp314-macosx_10_15_x86_64.macosx_11_0_arm64.macosx_10_15_universal2.whl", hash = "sha256:ec795530a73c269a55130498842aaa762e4a939f6ce481a7e986eeaa790e9da4", size = 229171, upload-time = "2026-03-31T16:16:00.651Z" },
    { url = "https://files.pythonhosted.org/packages/c2/56/c9ec97bd11240abef39b9e5d99a15462809c45f677420fd148a6c5e6295e/orjson-3.11.8-cp314-cp314-macosx_15_0_arm64.whl", hash = "sha256:c492a0e011c0f9066e9ceaa896fbc5b068c54d365fea5f3444b697ee01bc8625", size = 128746, upload-time = "2026-03-31T16:16:02.673Z" },
    { url = "https://files.pythonhosted.org/packages/3b/e4/66d4f30a90de45e2f0cbd9623588e8ae71eef7679dbe2ae954ed6d66a41f/orjson-3.11.8-cp314-cp314-manylinux_2_17_aarch64.manylinux2014_aarch64.whl", hash = "sha256:883206d55b1bd5f5679ad5e6ddd3d1a5e3cac5190482927fdb8c78fb699193b5", size = 131867, upload-time = "2026-03-31T16:16:04.342Z" },
    { url = "https://files.pythonhosted.org/packages/19/30/2a645fc9286b928675e43fa2a3a16fb7b6764aa78cc719dc82141e00f30b/orjson-3.11.8-cp314-cp314-manylinux_2_17_armv7l.manylinux2014_armv7l.whl", hash = "sha256:5774c1fdcc98b2259800b683b19599c133baeb11d60033e2095fd9d4667b82db", size = 124664, upload-time = "2026-03-31T16:16:05.837Z" },
    { url = "https://files.pythonhosted.org/packages/db/44/77b9a86d84a28d52ba3316d77737f6514e17118119ade3f91b639e859029/orjson-3.11.8-cp314-cp314-manylinux_2_17_i686.manylinux2014_i686.whl", hash = "sha256:8ac7381c83dd3d4a6347e6635950aa448f54e7b8406a27c7ecb4a37e9f1ae08b", size = 129701, upload-time = "2026-03-31T16:16:07.407Z" },
    { url = "https://files.pythonhosted.org/packages/b3/ea/eff3d9bfe47e9bc6969c9181c58d9f71237f923f9c86a2d2f490cd898c82/orjson-3.11.8-cp314-cp314-manylinux_2_17_ppc64le.manylinux2014_ppc64le.whl", hash = "sha256:14439063aebcb92401c11afc68ee4e407258d2752e62d748b6942dad20d2a70d", size = 141202, upload-time = "2026-03-31T16:16:09.48Z" },
    { url = "https://files.pythonhosted.org/packages/52/c8/90d4b4c60c84d62068d0cf9e4d8f0a4e05e76971d133ac0c60d818d4db20/orjson-3.11.8-cp314-cp314-manylinux_2_17_s390x.manylinux2014_s390x.whl", hash = "sha256:fa72e71977bff96567b0f500fc5bfd2fdf915f34052c782a4c6ebbdaa97aa858", size = 127194, upload-time = "2026-03-31T16:16:11.02Z" },
    { url = "https://files.pythonhosted.org/packages/8d/c7/ea9e08d1f0ba981adffb629811148b44774d935171e7b3d780ae43c4c254/orjson-3.11.8-cp314-cp314-manylinux_2_17_x86_64.manylinux2014_x86_64.whl", hash = "sha256:7679bc2f01bb0d219758f1a5f87bb7c8a81c0a186824a393b366876b4948e14f", size = 133639, upload-time = "2026-03-31T16:16:13.434Z" },
    { url = "https://files.pythonhosted.org/packages/6c/8c/ddbbfd6ba59453c8fc7fe1d0e5983895864e264c37481b2a791db635f046/orjson-3.11.8-cp314-cp314-musllinux_1_2_aarch64.whl", hash = "sha256:14f7b8fcb35ef403b42fa5ecfa4ed032332a91f3dc7368fbce4184d59e1eae0d", size = 141914, upload-time = "2026-03-31T16:16:14.955Z" },
    { url = "https://files.pythonhosted.org/packages/4e/31/dbfbefec9df060d34ef4962cd0afcb6fa7a9ec65884cb78f04a7859526c3/orjson-3.11.8-cp314-cp314-musllinux_1_2_armv7l.whl", hash = "sha256:c2bdf7b2facc80b5e34f48a2d557727d5c5c57a8a450de122ae81fa26a81c1bc", size = 423800, upload-time = "2026-03-31T16:16:16.594Z" },
    { url = "https://files.pythonhosted.org/packages/87/cf/f74e9ae9803d4ab46b163494adba636c6d7ea955af5cc23b8aaa94cfd528/orjson-3.11.8-cp314-cp314-musllinux_1_2_i686.whl", hash = "sha256:ccd7ba1b0605813a0715171d39ec4c314cb97a9c85893c2c5c0c3a3729df38bf", size = 147837, upload-time = "2026-03-31T16:16:18.585Z" },
    { url = "https://files.pythonhosted.org/packages/64/e6/9214f017b5db85e84e68602792f742e5dc5249e963503d1b356bee611e01/orjson-3.11.8-cp314-cp314-musllinux_1_2_x86_64.whl", hash = "sha256:cdbc8c9c02463fef4d3c53a9ba3336d05496ec8e1f1c53326a1e4acc11f5c600", size = 136441, upload-time = "2026-03-31T16:16:20.151Z" },
    { url = "https://files.pythonhosted.org/packages/24/dd/3590348818f58f837a75fb969b04cdf187ae197e14d60b5e5a794a38b79d/orjson-3.11.8-cp314-cp314-win32.whl", hash = "sha256:0b57f67710a8cd459e4e54eb96d5f77f3624eba0c661ba19a525807e42eccade", size = 131983, upload-time = "2026-03-31T16:16:21.823Z" },
    { url = "https://files.pythonhosted.org/packages/3f/0f/b6cb692116e05d058f31ceee819c70f097fa9167c82f67fabe7516289abc/orjson-3.11.8-cp314-cp314-win_amd64.whl", hash = "sha256:735e2262363dcbe05c35e3a8869898022af78f89dde9e256924dc02e99fe69ca", size = 127396, upload-time = "2026-03-31T16:16:23.685Z" },
    { url = "https://files.pythonhosted.org/packages/c0/d1/facb5b5051fabb0ef9d26c6544d87ef19a939a9a001198655d0d891062dd/orjson-3.11.8-cp314-cp314-win_arm64.whl", hash = "sha256:6ccdea2c213cf9f3d9490cbd5d427693c870753df41e6cb375bd79bcbafc8817", size = 127330, upload-time = "2026-03-31T16:16:25.496Z" },
]

[[package]]
name = "sprocket"
version = "0.1.4"
source = { registry = "https://pypi.together.ai/" }
dependencies = [
    { name = "httpx" },
    { name = "orjson" },
    { name = "starlette" },
    { name = "uvicorn" },
]
wheels = [
    { url = "https://pypi.together.ai/sprocket/sprocket-0.1.4-py3-none-any.whl" },
]

[[package]]
name = "starlette"
version = "1.0.0"
source = { registry = "https://pypi.org/simple" }
dependencies = [
    { name = "anyio" },
    { name = "typing-extensions", marker = "python_full_version < '3.13'" },
]
sdist = { url = "https://files.pythonhosted.org/packages/81/69/17425771797c36cded50b7fe44e850315d039f28b15901ab44839e70b593/starlette-1.0.0.tar.gz", hash = "sha256:6a4beaf1f81bb472fd19ea9b918b50dc3a77a6f2e190a12954b25e6ed5eea149", size = 2655289, upload-time = "2026-03-22T18:29:46.779Z" }
wheels = [
    { url = "https://files.pythonhosted.org/packages/0b/c9/584bc9651441b4ba60cc4d557d8a547b5aff901af35bda3a4ee30c819b82/starlette-1.0.0-py3-none-any.whl", hash = "sha256:d3ec55e0bb321692d275455ddfd3df75fff145d009685eb40dc91fc66b03d38b", size = 72651, upload-time = "2026-03-22T18:29:45.111Z" },
]

[[package]]
name = "typing-extensions"
version = "4.15.0"
source = { registry = "https://pypi.org/simple" }
sdist = { url = "https://files.pythonhosted.org/packages/72/94/1a15dd82efb362ac84269196e94cf00f187f7ed21c242792a923cdb1c61f/typing_extensions-4.15.0.tar.gz", hash = "sha256:0cea48d173cc12fa28ecabc3b837ea3cf6f38c6d1136f85cbaaf598984861466", size = 109391, upload-time = "2025-08-25T13:49:26.313Z" }
wheels = [
    { url = "https://files.pythonhosted.org/packages/18/67/36e9267722cc04a6b9f15c7f3441c2363321a3ea07da7ae0c0707beb2a9c/typing_extensions-4.15.0-py3-none-any.whl", hash = "sha256:f0fa19c6845758ab08074a0cfa8b7aecb71c999ca73d62883bc25cc018c4e548", size = 44614, upload-time = "2025-08-25T13:49:24.86Z" },
]

[[package]]
name = "uvicorn"
version = "0.44.0"
source = { registry = "https://pypi.org/simple" }
dependencies = [
    { name = "click" },
    { name = "h11" },
]
sdist = { url = "https://files.pythonhosted.org/packages/5e/da/6eee1ff8b6cbeed47eeb5229749168e81eb4b7b999a1a15a7176e51410c9/uvicorn-0.44.0.tar.gz", hash = "sha256:6c942071b68f07e178264b9152f1f16dfac5da85880c4ce06366a96d70d4f31e", size = 86947, upload-time = "2026-04-06T09:23:22.826Z" }
wheels = [
    { url = "https://files.pythonhosted.org/packages/b7/23/a5bbd9600dd607411fa644c06ff4951bec3a4d82c4b852374024359c19c0/uvicorn-0.44.0-py3-none-any.whl", hash = "sha256:ce937c99a2cc70279556967274414c087888e8cec9f9c94644dfca11bd3ced89", size = 69425, upload-time = "2026-04-06T09:23:21.524Z" },
]
